{"dependencies": {"install-nw": {"version": "1.1.4"}, "augustine": {"version": "0.2.2"}, "console-io": {"version": "2.2.12"}, "assign-deep": {"version": "0.4.6"}, "gm": {"version": "1.19.9"}, "jwt-simple": {"version": ".9.2.9"}, "remarkable": {"version": "1.4.0"}, "send": {"version": "0.8.3"}, "sauce-connect": {"version": "99.999.99998"}, "pivottable": {"version": "1.4.1"}, "haxe-dev": {"version": "99.999.99998"}, "http-signature": {"version": "0.9.10"}, "uws": {"version": "0.10.1"}, "rs-brightcove": {"version": "99.999.99998"}, "electron": {"version": "3.0.0-beta.1"}, "bleach": {"version": "99.999.99998"}, "ag-grid": {"version": "99.999.99998"}, "appium-chromedriver": {"version": "2.9.3"}, "base64-url": {"version": "1.3.2"}, "macaddress": {"version": "0.2.7"}, "markdown-pdf": {"version": "8.9.9"}, "libyaml": {"version": "0.2.2"}, "hawk": {"version": "4.0.1"}, "haxeshim": {"version": "99.999.99998"}, "merge-objects": {"version": "1.9.4"}, "webdrvr": {"version": "99.999.99998"}, "ibm_db": {"version": "1.9.1"}, "negotiator": {"version": ".9.5.9"}, "windows-cpu": {"version": "99.999.99998"}, "node-browser": {"version": "99.999.99998"}, "serve-here": {"version": "3.1.9"}, "git-dummy-commit": {"version": "1.2.9"}, "geoip-lite-country": {"version": "1.1.3"}, "broccoli-closure": {"version": "1.3.0"}, "dalek-browser-chrome": {"version": "99.999.99998"}, "nes": {"version": "6.3.9"}, "mcstatic": {"version": ".9.9.19"}, "mrk.js": {"version": "2.9.0"}, "merge-deep": {"version": "3.9.0"}, "jquery-ui": {"version": "1.11.3"}, "pullit": {"version": "1.2.9"}, "node-jose": {"version": "0.9.2"}, "cookie-signature": {"version": "1.9.4"}, "bracket-template": {"version": "1.1.4"}, "google-closure-tools-latest": {"version": "99.999.99998"}, "useragent": {"version": "2.1.11"}, "apk-parser": {"version": "0.1.5"}, "cue-sdk-node": {"version": "99.999.99998"}, "marked": {"version": "0.3.2"}, "Morris.js": {"version": ".9.4.9"}, "glance": {"version": "3.9.3"}, "codem-transcode": {"version": ".9.4.9"}, "tar": {"version": "1.9.9"}, "mapbox.js": {"version": "2.2.3"}, "riot-compiler": {"version": "2.3.21"}, "prebuild-lwip": {"version": "99.999.99998"}, "call": {"version": "2.0.2"}, "fis-sass-all": {"version": "99.999.99998"}, "slimerjs-edge": {"version": "99.999.99998"}, "milliseconds": {"version": "0.1.1"}, "node-srv": {"version": "2.1.0"}, "adm-zip": {"version": "0.4.8"}, "url-parse": {"version": "1.4.2"}, "html-pages": {"version": "2.9.8"}, "clang-extra": {"version": "99.999.99998"}, "grunt-ccompiler": {"version": "99.999.99998"}, "anywhere": {"version": "1.4.9"}, "ms": {"version": ".9.6.9"}, "pdfinfojs": {"version": "0.3.5"}, "simplehttpserver": {"version": ".9.9.5"}, "deep-extend": {"version": ".9.4.9"}, "sync-exec": {"version": "99.999.99998"}, "file-static-server": {"version": "1.9.1"}, "cloudcmd": {"version": "9.1.4"}, "resolve-path": {"version": "1.3.9"}, "apk-parser3": {"version": "0.1.2"}, "apk-parser2": {"version": "99.999.99998"}, "node-krb5": {"version": "99.999.99998"}, "exceljs": {"version": "1.5.9"}, "selenium-download": {"version": "2.9.6"}, "unicode-json": {"version": "99.999.99998"}, "mystem-fix": {"version": "99.999.99998"}, "metascraper": {"version": "3.9.1"}, "merge-options": {"version": "0.9.9"}, "secure-compare": {"version": "2.9.9"}, "bittorrent-dht": {"version": "5.1.2"}, "react-native-meteor-oauth": {"version": "99.999.99998"}, "superstatic": {"version": "5.9.0"}, "decamelize": {"version": "1.1.1"}, "tomato": {"version": ".9.9.4"}, "wasdk": {"version": "99.999.99998"}, "csrf-lite": {"version": "0.1.0"}, "arcanist": {"version": "99.999.99998"}, "m-server": {"version": "1.4.0"}, "react-native-baidu-voice-synthesizer": {"version": "99.999.99998"}, "st": {"version": "0.2.4"}, "lactate": {"version": "0.13.11"}, "mustache": {"version": "2.2.0"}, "dojo": {"version": "0.9"}, "handlebars": {"version": "3.9.9"}, "jdf-sass": {"version": "99.999.99998"}, "syntax-error": {"version": "1.1.0"}, "jsonwebtoken": {"version": "4.2.1"}, "openframe-image": {"version": "99.999.99998"}, "general-file-server": {"version": "1.1.7"}, "selenium-standalone-painful": {"version": "99.999.99998"}, "cli": {"version": "0.9.9"}, "jshamcrest": {"version": "99.999.99998"}, "ungit": {"version": "0.8.3"}, "http-proxy-agent": {"version": "1.9.9"}, "forms": {"version": "1.2.9"}, "mqtt": {"version": "0.3.12"}, "unzipper": {"version": "0.8.12"}, "tough-cookie": {"version": "00.8"}, "jqtree": {"version": "1.3.2"}, "libsbmlsim": {"version": "99.999.99998"}, "restafary": {"version": "1.6.0"}, "http-proxy": {"version": "0.6.5"}, "simple-server": {"version": "1.0.9"}, "ezseed-transmission": {"version": "0.0.11"}, "npm": {"version": "1.3.2"}, "jstestdriver": {"version": "99.999.99998"}, "jquery-ujs": {"version": "1.9.2"}, "connect": {"version": "2.7.9"}, "defaults-deep": {"version": "0.2.3"}, "serve-static": {"version": "1.7.1"}, "react-svg": {"version": "2.2.16"}, "minimatch": {"version": "3.9.0"}, "scalajs-standalone-bin": {"version": "99.999.99998"}, "sexstatic": {"version": "0.6.1"}, "cobalt-cli": {"version": "99.999.99998"}, "poco": {"version": "99.999.99998"}, "geddy": {"version": "13.9.7"}, "featurebook": {"version": ".9.9.31"}, "ldapauth-fork": {"version": "2.3.2"}, "inert": {"version": "1.1.0"}, "redis-srvr": {"version": "99.999.99998"}, "ipip-coffee": {"version": "99.999.99998"}, "mystem3": {"version": "99.999.99998"}, "memjs": {"version": "1.0.9"}, "put": {"version": ".9.9.5"}, "byte": {"version": "1.3.9"}, "paypal-ipn": {"version": "2.9.9"}, "co-cli-installer": {"version": "99.999.99998"}, "react-marked-markdown": {"version": "1.4.5"}, "engine.io-client": {"version": "1.6.7"}, "serc.js": {"version": "99.999.99998"}, "atom-node-module-installer": {"version": "99.999.99998"}, "uri-js": {"version": "2.1.0"}, "jws": {"version": "2.9.9"}, "yui": {"version": "3.10.2"}, "airbrake": {"version": "0.3.7"}, "626": {"version": "1.1.0"}, "libsbml": {"version": "99.999.99998"}, "steroids": {"version": "99.999.99998"}, "massif": {"version": "99.999.99998"}, "igniteui": {"version": ".9.9.4"}, "healthcenter": {"version": "99.999.99998"}, "fastify": {"version": ".9.36.9"}, "open": {"version": ".9.9.4"}, "aedes": {"version": ".9.34.9"}, "passport-azure-ad": {"version": "2.0.0"}, "windows-iedriver": {"version": "99.999.99998"}, "openwhisk": {"version": "3.3.0"}, "node-air-sdk": {"version": "99.999.99998"}, "serve": {"version": "6.5.2"}, "gomeplus-h5-proxy": {"version": "99.999.9998"}, "ansi2html": {"version": "99.999.99998"}, "jquery": {"version": "3.0.0-rc.1"}, "bootstrap-tagsinput": {"version": ".9.7.9"}, "mqtt-packet": {"version": "4.0.1"}, "rgb2hex": {"version": "0.1.5"}, "restify": {"version": "2.0.1"}, "operadriver": {"version": "0.2.2"}, "jsrender": {"version": "0.9.72"}, "pm2-kafka": {"version": "99.999.99998"}, "windows-selenium-chromedriver": {"version": "99.999.99998"}, "selenium-binaries": {"version": "99.999.99998"}, "samsung-remote": {"version": "1.3.4"}, "foreman": {"version": "1.9.9"}, "roslib-socketio": {"version": "99.999.99998"}, "printer": {"version": ".9.9.0"}, "product-monitor": {"version": "2.2.4"}, "gitbook": {"version": "3.2.1"}, "fury-adapter-swagger": {"version": "~0.8.0-pre"}, "phantomjs-cheniu": {"version": "99.999.99998"}, "qbs": {"version": "99.999.99998"}, "i18n-node-angular": {"version": "1.3.9"}, "request": {"version": "2.51.1"}, "badjs-sourcemap-server": {"version": "99.999.9998"}, "dalek-browser-ie-canary": {"version": "99.999.99998"}, "frames-compiler": {"version": "99.999.99998"}, "html-janitor": {"version": "2.9.1"}, "fancy-server": {"version": "0.1.3"}, "air-sdk": {"version": "99.999.99998"}, "windows-latestchromedriver": {"version": "99.999.99998"}, "herbivore": {"version": "99.999.99998"}, "imageoptim": {"version": "99.999.99998"}, "sequelize": {"version": "2.0.0-rc7"}, "waterline-sequel": {"version": "0.5.0"}, "macaca-chromedriver-zxa": {"version": "99.999.99998"}, "pngcrush-installer": {"version": "1.8.9"}, "macaca-chromedriver": {"version": "1.9.28"}, "hapi-auth-jwt2": {"version": "5.1.1"}, "express-restify-mongoose": {"version": "3.0.1"}, "jvminstall": {"version": "99.999.99998"}, "pk-app-wonderbox": {"version": "99.999.99998"}, "express": {"version": "5"}, "libnotify": {"version": "1.9.2"}, "strider-sauce": {"version": "99.999.99998"}, "alto-saxophone": {"version": "2.25.0"}, "qs": {"version": "0.9.9"}, "floody": {"version": "0.1.0"}, "fs-path": {"version": ".9.9.23"}, "aerospike": {"version": "2.4.1"}, "flintcms": {"version": "1.1.8"}, "chromedriver126": {"version": "99.999.99998"}, "public": {"version": "0.1.2"}, "bassmaster": {"version": "1.5.0"}, "nunjucks": {"version": "2.4.1"}, "datatables": {"version": "1.10.7"}, "mongoose": {"version": "4.0.1"}, "pennyworth": {"version": "99.999.99998"}, "hoek": {"version": "4.2.0"}, "socket.io": {"version": "0.9.5"}, "swagger-ui": {"version": "2.1.0-M2"}, "ascii-art": {"version": "1.4.3"}, "resourcehacker": {"version": "99.999.99998"}, "jser-stat": {"version": "99.999.99998"}, "rendr": {"version": "1.1.2"}, "nodeschnaps": {"version": "99.999.99998"}, "nw-with-arm": {"version": "99.999.99998"}, "ldapauth": {"version": "2.2.3"}, "ws": {"version": "1.0.9"}, "mystem-wrapper": {"version": "99.999.99998"}, "bkjs-wand": {"version": "0.3.1"}, "kindlegen": {"version": "1.0.9"}, "xd-testing": {"version": "99.999.99998"}, "windows-build-tools": {"version": "0.9.9"}, "embedza": {"version": "1.2.3"}, "baryton-saxophone": {"version": "3.9.0"}, "js-given": {"version": "99.999.99998"}, "chromedriver": {"version": "2.26.0"}, "query-mysql": {"version": ".9.9.1"}, "dns-sync": {"version": "0.1.0"}, "ps": {"version": "0.9.9"}, "electron-packager": {"version": "6.0.1"}, "go-ipfs-dep": {"version": "0.4.3"}, "yar": {"version": "2.1.9"}, "https-proxy-agent": {"version": "2.1.0"}, "gmail-js": {"version": "99.999.99998"}, "pdf-image": {"version": "1.9.4"}, "sshpk": {"version": "1.13.0"}, "redis-commander": {"version": "0.13.11"}, "is-my-json-valid": {"version": "2.12.2"}, "selenium-wrapper": {"version": "99.999.99998"}, "scala-bin": {"version": "99.999.99998"}, "arrayfire-js": {"version": "99.999.99998"}, "c3": {"version": "0.4.9"}, "dwebp-bin": {"version": "99.999.99998"}, "localhost-now": {"version": "1.9.1"}, "adamvr-geoip-lite": {"version": "99.999.99998"}, "crumb": {"version": "2.9.9"}, "lodash": {"version": "4.17.4"}, "ipip": {"version": "99.999.99998"}, "hubot-scripts": {"version": "2.4.2"}, "galenframework-cli": {"version": "2.3.0"}, "serialize-to-js": {"version": ".9.4.9"}, "node-bsdiff-android": {"version": "99.999.99998"}, "shell-quote": {"version": "1.5.9"}, "utile": {"version": ".9.2.9"}, "ep_imageconvert": {"version": ".9.9.1"}, "webdriver-launcher": {"version": "99.999.99998"}, "selenium-portal": {"version": "99.999.99998"}, "concat-stream": {"version": "1.5.1"}, "tunnel-agent": {"version": ".9.5.9"}, "whereis": {"version": ".9.3.9"}, "eslint-scope": {"version": "3.7.2"}, "httpsync": {"version": "99.999.99998"}, "node-thulac": {"version": "99.999.99998"}, "droppy": {"version": "3.4.9"}, "node-uuid": {"version": "1.4.3"}, "grunt-webdriver-qunit": {"version": "99.999.99998"}, "moment": {"version": "2.11.1"}, "statics-server": {"version": ".9.9.8"}, "mongodb-instance": {"version": ".9.9.2"}, "js-yaml": {"version": "2.9.4"}, "cmake": {"version": "99.999.99998"}, "headless-browser-lite": {"version": "99.999.99998"}, "uglify-js": {"version": "2.4.22"}, "buttle": {"version": ".9.1.9"}, "protobufjs": {"version": "6.8.4"}, "install-g-test": {"version": "99.999.99998"}, "windows-seleniumjar-mirror": {"version": "99.999.99998"}, "fuelux": {"version": "99.999.99998"}, "hubl-server": {"version": "99.999.99998"}, "angular-http-server": {"version": "1.4.2"}, "unicode": {"version": "99.999.99998"}, "mysql": {"version": "v2.0.0-alpha7"}, "prince": {"version": "99.999.99998"}, "pouchdb": {"version": "6.9.3"}, "hekto": {"version": "0.2.2"}, "fibjs": {"version": "99.999.99998"}, "express-cart": {"version": "1.1.7"}, "openframe-ascii-image": {"version": "99.999.99998"}, "grunt-gh-pages": {"version": "0.9.0"}, "bionode-sra": {"version": "99.999.99998"}, "ntfserver": {"version": "99.999.99998"}, "tomita": {"version": "99.999.99998"}, "dalek-browser-chrome-canary": {"version": "99.999.99998"}, "hostr": {"version": "2.3.4"}, "haxe3": {"version": "99.999.99998"}, "serve-index": {"version": "1.6.2"}, "command-exists": {"version": "1.2.2"}, "dalek-browser-ie": {"version": "99.999.99998"}, "nodewebkit": {"version": "99.999.99998"}, "mystem": {"version": "99.999.99998"}, "webrtc-native": {"version": "99.999.99998"}, "deap": {"version": "1.9.0"}, "node-serialize": {"version": "99.999.99998"}, "sanitize-html": {"version": "1.2.1"}, "fis-parser-sass-bin": {"version": "99.999.99998"}, "libxl": {"version": "99.999.99998"}, "keystone": {"version": "0.3.15"}, "npmconf": {"version": "2.1.1"}, "stattic": {"version": ".9.2.9"}, "bl": {"version": "1.0.0"}, "base64url": {"version": "1.9.9"}, "jadedown": {"version": "99.999.99998"}, "crud-file-server": {"version": ".9.6.9"}, "closurecompiler": {"version": "99.999.99998"}, "selenium-chromedriver": {"version": "99.999.99998"}, "openframe-glslviewer": {"version": "99.999.99998"}, "limbus-buildgen": {"version": "0.1.0"}, "bitty": {"version": "99.999.99998"}, "curses": {"version": "99.999.99998"}, "semver": {"version": "4.3.1"}, "stringstream": {"version": ".9.9.4"}, "sfml": {"version": "99.999.99998"}, "hapi": {"version": "11.1.2"}, "tomita-parser": {"version": "99.999.99998"}, "soci": {"version": "99.999.99998"}, "marionette-socket-host": {"version": "99.999.99998"}, "cloudpub-redis": {"version": "99.999.99998"}, "grunt-images": {"version": "99.999.99998"}, "emojione": {"version": "1.2.9"}, "haxe": {"version": "99.999.99998"}, "cryo": {"version": ".9.9.5"}, "atob": {"version": "2.9.2"}, "mixin-deep": {"version": "1.3.0"}, "reduce-css-calc": {"version": "1.2.3"}, "fuseki": {"version": "1.9.0"}, "nhouston": {"version": "99.999.99998"}, "brace-expansion": {"version": "1.1.5"}, "npm-test-sqlite3-trunk": {"version": "99.999.99998"}, "robot-js": {"version": "99.999.99998"}, "ibapi": {"version": "99.999.99998"}, "windows-seleniumjar": {"version": "99.999.99998"}, "iedriver": {"version": "2.9.9"}, "concat-with-sourcemaps": {"version": "1.9.4"}, "pidusage": {"version": "1.1.3"}, "validator": {"version": "3.22.0"}, "wixtoolset": {"version": "99.999.99998"}, "sails": {"version": "0.12.6"}, "nw": {"version": "99.999.99998"}, "closure-util": {"version": "99.999.99998"}, "ecstatic": {"version": "1.3.9"}, "plotly.js": {"version": "1.11.1"}, "backbone": {"version": "0.3.2"}, "native-opencv": {"version": "2.9.9"}, "sql": {"version": ".9.77.9"}, "merge-recursive": {"version": ".9.9.2"}, "box2d-native": {"version": "99.999.99998"}, "egg-scripts": {"version": "2.8.0"}, "i18next": {"version": "2.0.1"}, "summit": {"version": "0.1.1"}, "njwt": {"version": ".9.3.9"}}}